
Microsoft Visual Studio Solution File, Format Version 12.00
# Visual Studio 15
VisualStudioVersion = 15.0.27004.2006
MinimumVisualStudioVersion = 10.0.40219.1
Project("{FAE04EC0-301F-11D3-BF4B-00C04F79EFBC}") = "Laserwar_v2.0", "Laserwar_v2.0\Laserwar_v2.0.csproj", "{57877B45-57C5-4B9A-8666-98C3EDC893C5}"
EndProject
Global
	GlobalSection(SolutionConfigurationPlatforms) = preSolution
		Debug|Any CPU = Debug|Any CPU
		Release|Any CPU = Release|Any CPU
	EndGlobalSection
	GlobalSection(ProjectConfigurationPlatforms) = postSolution
		{57877B45-57C5-4B9A-8666-98C3EDC893C5}.Debug|Any CPU.ActiveCfg = Debug|Any CPU
		{57877B45-57C5-4B9A-8666-98C3EDC893C5}.Debug|Any CPU.Build.0 = Debug|Any CPU
		{57877B45-57C5-4B9A-8666-98C3EDC893C5}.Release|Any CPU.ActiveCfg = Release|Any CPU
		{57877B45-57C5-4B9A-8666-98C3EDC893C5}.Release|Any CPU.Build.0 = Release|Any CPU
	EndGlobalSection
	GlobalSection(SolutionProperties) = preSolution
		HideSolutionNode = FALSE
	EndGlobalSection
	GlobalSection(ExtensibilityGlobals) = postSolution
		SolutionGuid = {C538B01B-9CF0-40A5-9AB7-A7E96E0DA434}
	EndGlobalSection
EndGlobal
